{
  "nodes": {
    "crane": {
      "inputs": {
        "flake-compat": "flake-compat",
        "flake-utils": "flake-utils",
        "nixpkgs": [
          "nixpkgs"
        ],
        "rust-overlay": "rust-overlay"
      },
      "locked": {
        "lastModified": 1681478485,
        "narHash": "sha256-SIqtWDgUOQZAt/Ue/4LL3p9KJzWAx4MkJqFG3Qt2YAc=",
        "owner": "rvolosatovs",
        "repo": "crane",
        "rev": "412731073de0a1896068ac1dd2392ed66f916af9",
        "type": "github"
      },
      "original": {
        "owner": "rvolosatovs",
        "ref": "feat/wit",
        "repo": "crane",
        "type": "github"
      }
    },
    "erlang": {
      "flake": false,
      "locked": {
        "lastModified": 1683213918,
        "narHash": "sha256-cuFeHwyAyS8R7rXcJJxzE7LTZGgDr4x3qMZx63PIowM=",
        "owner": "erlang",
        "repo": "otp",
        "rev": "0418c10ec37fa374867eae49f2f776c72c55d623",
        "type": "github"
      },
      "original": {
        "owner": "erlang",
        "ref": "OTP-25.3.2",
        "repo": "otp",
        "type": "github"
      }
    },
    "erlang-aarch64-apple-darwin-mac": {
      "flake": false,
      "locked": {
        "narHash": "sha256-H+6RDn9I7FwVefqu4IMLlTk9qgADBn/FoAoZ3msUL70=",
        "type": "tarball",
        "url": "https://github.com/rvolosatovs/otp/releases/download/OTP-25.3.2/erts-aarch64-apple-darwin-mac.tar.gz"
      },
      "original": {
        "type": "tarball",
        "url": "https://github.com/rvolosatovs/otp/releases/download/OTP-25.3.2/erts-aarch64-apple-darwin-mac.tar.gz"
      }
    },
    "erlang-x86_64-apple-darwin-mac": {
      "flake": false,
      "locked": {
        "narHash": "sha256-uMOK2BtHcTSonjvR/wL3gXw1Yl8sw9b4LrdBS57lLfE=",
        "type": "tarball",
        "url": "https://github.com/rvolosatovs/otp/releases/download/OTP-25.3.2/erts-x86_64-apple-darwin-mac.tar.gz"
      },
      "original": {
        "type": "tarball",
        "url": "https://github.com/rvolosatovs/otp/releases/download/OTP-25.3.2/erts-x86_64-apple-darwin-mac.tar.gz"
      }
    },
    "erts-x86_64-pc-windows-msvc": {
      "flake": false,
      "locked": {
        "narHash": "sha256-Q6ZVhfoU1JW6cHKtLYVT13BufXhc6V9QLBvh+gEPBck=",
        "type": "file",
        "url": "https://github.com/erlang/otp/releases/download/OTP-25.3.2/otp_win64_25.3.2.exe"
      },
      "original": {
        "type": "file",
        "url": "https://github.com/erlang/otp/releases/download/OTP-25.3.2/otp_win64_25.3.2.exe"
      }
    },
    "fenix": {
      "inputs": {
        "nixpkgs": "nixpkgs",
        "rust-analyzer-src": "rust-analyzer-src"
      },
      "locked": {
        "lastModified": 1682038649,
        "narHash": "sha256-HwGwWLMKdIT24xhDf+mRoCehA8yUlLmuJgS9JeMt4IM=",
        "owner": "nix-community",
        "repo": "fenix",
        "rev": "37b3a6dad6d6060bd305eb7d3628d3b476c87bb6",
        "type": "github"
      },
      "original": {
        "owner": "nix-community",
        "ref": "monthly",
        "repo": "fenix",
        "type": "github"
      }
    },
    "flake-compat": {
      "flake": false,
      "locked": {
        "lastModified": 1673956053,
        "narHash": "sha256-4gtG9iQuiKITOjNQQeQIpoIB6b16fm+504Ch3sNKLd8=",
        "owner": "edolstra",
        "repo": "flake-compat",
        "rev": "35bb57c0c8d8b62bbfd284272c928ceb64ddbde9",
        "type": "github"
      },
      "original": {
        "owner": "edolstra",
        "repo": "flake-compat",
        "type": "github"
      }
    },
    "flake-utils": {
      "locked": {
        "lastModified": 1678901627,
        "narHash": "sha256-U02riOqrKKzwjsxc/400XnElV+UtPUQWpANPlyazjH0=",
        "owner": "numtide",
        "repo": "flake-utils",
        "rev": "93a2b84fc4b70d9e089d029deacc3583435c2ed6",
        "type": "github"
      },
      "original": {
        "owner": "numtide",
        "repo": "flake-utils",
        "type": "github"
      }
    },
    "flake-utils_2": {
      "inputs": {
        "systems": "systems"
      },
      "locked": {
        "lastModified": 1681202837,
        "narHash": "sha256-H+Rh19JDwRtpVPAWp64F+rlEtxUWBAQW28eAi3SRSzg=",
        "owner": "numtide",
        "repo": "flake-utils",
        "rev": "cfacdce06f30d2b68473a46042957675eebb3401",
        "type": "github"
      },
      "original": {
        "owner": "numtide",
        "repo": "flake-utils",
        "type": "github"
      }
    },
    "hostcore_wasmcloud_native-aarch64-apple-darwin-mac": {
      "flake": false,
      "locked": {
        "narHash": "sha256-d6xi4mKdjkX2JFicDIv5niSzpyI0m/Hnm8GGAIU04kY=",
        "type": "file",
        "url": "file:/dev/null"
      },
      "original": {
        "type": "file",
        "url": "file:/dev/null"
      }
    },
    "hostcore_wasmcloud_native-x86_64-apple-darwin-mac": {
      "flake": false,
      "locked": {
        "narHash": "sha256-d6xi4mKdjkX2JFicDIv5niSzpyI0m/Hnm8GGAIU04kY=",
        "type": "file",
        "url": "file:/dev/null"
      },
      "original": {
        "type": "file",
        "url": "file:/dev/null"
      }
    },
    "hostcore_wasmcloud_native-x86_64-pc-windows-msvc": {
      "flake": false,
      "locked": {
        "narHash": "sha256-d6xi4mKdjkX2JFicDIv5niSzpyI0m/Hnm8GGAIU04kY=",
        "type": "file",
        "url": "file:/dev/null"
      },
      "original": {
        "type": "file",
        "url": "file:/dev/null"
      }
    },
    "nix-filter": {
      "locked": {
        "lastModified": 1681154353,
        "narHash": "sha256-MCJ5FHOlbfQRFwN0brqPbCunLEVw05D/3sRVoNVt2tI=",
        "owner": "numtide",
        "repo": "nix-filter",
        "rev": "f529f42792ade8e32c4be274af6b6d60857fbee7",
        "type": "github"
      },
      "original": {
        "owner": "numtide",
        "repo": "nix-filter",
        "type": "github"
      }
    },
    "nix-flake-tests": {
      "locked": {
        "lastModified": 1677844186,
        "narHash": "sha256-ErJZ/Gs1rxh561CJeWP5bohA2IcTq1rDneu1WT6CVII=",
        "owner": "antifuchs",
        "repo": "nix-flake-tests",
        "rev": "bbd9216bd0f6495bb961a8eb8392b7ef55c67afb",
        "type": "github"
      },
      "original": {
        "owner": "antifuchs",
        "repo": "nix-flake-tests",
        "type": "github"
      }
    },
    "nix-log": {
      "inputs": {
        "nix-flake-tests": "nix-flake-tests",
        "nixify": [
          "nixify"
        ],
        "nixlib": "nixlib"
      },
      "locked": {
        "lastModified": 1681933283,
        "narHash": "sha256-phDsQdaoUEI4DUTErR6Tz7lS0y3kXvDwwbqtxpzd0eo=",
        "owner": "rvolosatovs",
        "repo": "nix-log",
        "rev": "833d31e3c1a677eac81ba87e777afa5076071d66",
        "type": "github"
      },
      "original": {
        "owner": "rvolosatovs",
        "repo": "nix-log",
        "type": "github"
      }
    },
    "nixify": {
      "inputs": {
        "crane": [
          "crane"
        ],
        "fenix": [
          "fenix"
        ],
        "flake-utils": "flake-utils_2",
        "nix-filter": "nix-filter",
        "nix-log": [
          "nix-log"
        ],
        "nixlib": [
          "nixlib"
        ],
        "nixpkgs": [
          "nixpkgs"
        ],
        "rust-overlay": "rust-overlay_2"
      },
      "locked": {
        "lastModified": 1683214284,
        "narHash": "sha256-BdiPhr466QvAZw2egOHhyPRpOMPIaFqcUH5x8MG35/U=",
        "owner": "rvolosatovs",
        "repo": "nixify",
        "rev": "15a598543c9b1fe5e700311a99dacc87c26c5daf",
        "type": "github"
      },
      "original": {
        "owner": "rvolosatovs",
        "repo": "nixify",
        "type": "github"
      }
    },
    "nixlib": {
      "locked": {
        "lastModified": 1679791877,
        "narHash": "sha256-tTV1Mf0hPWIMtqyU16Kd2JUBDWvfHlDC9pF57vcbgpQ=",
        "owner": "nix-community",
        "repo": "nixpkgs.lib",
        "rev": "cc060ddbf652a532b54057081d5abd6144d01971",
        "type": "github"
      },
      "original": {
        "owner": "nix-community",
        "repo": "nixpkgs.lib",
        "type": "github"
      }
    },
    "nixlib_2": {
      "locked": {
        "lastModified": 1681001314,
        "narHash": "sha256-5sDnCLdrKZqxLPK4KA8+f4A3YKO/u6ElpMILvX0g72c=",
        "owner": "nix-community",
        "repo": "nixpkgs.lib",
        "rev": "367c0e1086a4eb4502b24d872cea2c7acdd557f4",
        "type": "github"
      },
      "original": {
        "owner": "nix-community",
        "repo": "nixpkgs.lib",
        "type": "github"
      }
    },
    "nixpkgs": {
      "locked": {
        "lastModified": 1683014792,
        "narHash": "sha256-6Va9iVtmmsw4raBc3QKvQT2KT/NGRWlvUlJj46zN8B8=",
        "owner": "nixos",
        "repo": "nixpkgs",
        "rev": "1a411f23ba299db155a5b45d5e145b85a7aafc42",
        "type": "github"
      },
      "original": {
        "owner": "nixos",
        "ref": "nixos-unstable",
        "repo": "nixpkgs",
        "type": "github"
      }
    },
    "nixpkgs-old": {
      "locked": {
        "lastModified": 1651477912,
        "narHash": "sha256-YDFgJElf0ZL977+fo6ueQAmpb6lwrw1lzDlxLEINVXE=",
        "owner": "NixOS",
        "repo": "nixpkgs",
        "rev": "66b0db71f463164486a36dded50bedee185e45c2",
        "type": "github"
      },
      "original": {
        "owner": "NixOS",
        "ref": "nixpkgs-20.09-darwin",
        "repo": "nixpkgs",
        "type": "github"
      }
    },
    "nixpkgs_2": {
      "locked": {
        "lastModified": 1683020768,
        "narHash": "sha256-ZyZl6k9NWS5QPwD3NoAVz/eSgodQDvl+y+fu8MVbrHc=",
        "owner": "NixOS",
        "repo": "nixpkgs",
        "rev": "44f30edf5661d86fb3a95841c35127f3d0ea8b0f",
        "type": "github"
      },
      "original": {
        "owner": "NixOS",
        "ref": "nixpkgs-unstable",
        "repo": "nixpkgs",
        "type": "github"
      }
    },
    "root": {
      "inputs": {
        "crane": "crane",
        "erlang": "erlang",
        "erlang-aarch64-apple-darwin-mac": "erlang-aarch64-apple-darwin-mac",
        "erlang-x86_64-apple-darwin-mac": "erlang-x86_64-apple-darwin-mac",
        "erts-x86_64-pc-windows-msvc": "erts-x86_64-pc-windows-msvc",
        "fenix": "fenix",
        "hostcore_wasmcloud_native-aarch64-apple-darwin-mac": "hostcore_wasmcloud_native-aarch64-apple-darwin-mac",
        "hostcore_wasmcloud_native-x86_64-apple-darwin-mac": "hostcore_wasmcloud_native-x86_64-apple-darwin-mac",
        "hostcore_wasmcloud_native-x86_64-pc-windows-msvc": "hostcore_wasmcloud_native-x86_64-pc-windows-msvc",
        "nix-log": "nix-log",
        "nixify": "nixify",
        "nixlib": "nixlib_2",
        "nixpkgs": "nixpkgs_2",
        "nixpkgs-old": "nixpkgs-old",
        "secret-key-base": "secret-key-base"
      }
    },
    "rust-analyzer-src": {
      "flake": false,
      "locked": {
        "lastModified": 1680267680,
        "narHash": "sha256-atC3zkM5nBXdBFE1+Xoxpm/Ye42j/Rq12IR0qi5+/ao=",
        "owner": "rust-lang",
        "repo": "rust-analyzer",
        "rev": "853fb44a24b8d3341f52747caa949013121b24b4",
        "type": "github"
      },
      "original": {
        "owner": "rust-lang",
        "ref": "nightly",
        "repo": "rust-analyzer",
        "type": "github"
      }
    },
    "rust-overlay": {
      "inputs": {
        "flake-utils": [
          "crane",
          "flake-utils"
        ],
        "nixpkgs": [
          "crane",
          "nixpkgs"
        ]
      },
      "locked": {
        "lastModified": 1680488274,
        "narHash": "sha256-0vYMrZDdokVmPQQXtFpnqA2wEgCCUXf5a3dDuDVshn0=",
        "owner": "oxalica",
        "repo": "rust-overlay",
        "rev": "7ec2ff598a172c6e8584457167575b3a1a5d80d8",
        "type": "github"
      },
      "original": {
        "owner": "oxalica",
        "repo": "rust-overlay",
        "type": "github"
      }
    },
    "rust-overlay_2": {
      "inputs": {
        "flake-utils": [
          "nixify",
          "flake-utils"
        ],
        "nixpkgs": [
          "nixify",
          "nixpkgs"
        ]
      },
      "locked": {
        "lastModified": 1681352318,
        "narHash": "sha256-+kwy7bTsuW8GYrRqWRQ8T5hg6duZb5IJiHlKo1J+v9g=",
        "owner": "oxalica",
        "repo": "rust-overlay",
        "rev": "aeaa11c65a5c5cebaa51652353ab3c497b9a7bbf",
        "type": "github"
      },
      "original": {
        "owner": "oxalica",
        "repo": "rust-overlay",
        "type": "github"
      }
    },
    "secret-key-base": {
      "flake": false,
      "locked": {
        "narHash": "sha256-d6xi4mKdjkX2JFicDIv5niSzpyI0m/Hnm8GGAIU04kY=",
        "type": "file",
        "url": "file:/dev/null"
      },
      "original": {
        "type": "file",
        "url": "file:/dev/null"
      }
    },
    "systems": {
      "locked": {
        "lastModified": 1681028828,
        "narHash": "sha256-Vy1rq5AaRuLzOxct8nz4T6wlgyUR7zLU309k9mBC768=",
        "owner": "nix-systems",
        "repo": "default",
        "rev": "da67096a3b9bf56a91d16901293e51ba5b49a27e",
        "type": "github"
      },
      "original": {
        "owner": "nix-systems",
        "repo": "default",
        "type": "github"
      }
    }
  },
  "root": "root",
  "version": 7
}
