%{
  "avrora": {:hex, :avrora, "0.20.0", "6705f75514a4fa1229d4d9d5400d251b3714f433d65400542c671e0a1cb102e1", [:mix], [{:erlavro, "~> 2.9.3", [hex: :erlavro, repo: "hexpm", optional: false]}, {:jason, "~> 1.0", [hex: :jason, repo: "hexpm", optional: false]}], "hexpm", "e393fbdcd58a1e5c45d8b9aa1a1aa3b76b5f8596bafb4e419eae0897f44b622d"},
  "benchwarmer": {:hex, :benchwarmer, "0.0.2", "902e5c020608647b07c38b82103e4af6d2667dfd5d5d13c67382238de6943136", [:mix], [], "hexpm", "8b98b39c1c50df624f9c2d13ca953eeed465eed6feda975da26b479df2b4c9f5"},
  "cloudevents": {:hex, :cloudevents, "0.4.0", "bf8b38fe530f0507db4e056818c8742fa96daa06367681cb126a782fb4526ba5", [:mix], [{:avrora, "~> 0.11", [hex: :avrora, repo: "hexpm", optional: false]}, {:jason, "~> 1.2", [hex: :jason, repo: "hexpm", optional: false]}, {:typed_struct, "~> 0.2.0", [hex: :typed_struct, repo: "hexpm", optional: false]}], "hexpm", "9a971243124c43302b8a996143cc3f391353abe5a83485c81c92986385d27455"},
  "cowboy": {:hex, :cowboy, "2.7.0", "91ed100138a764355f43316b1d23d7ff6bdb0de4ea618cb5d8677c93a7a2f115", [:rebar3], [{:cowlib, "~> 2.8.0", [hex: :cowlib, repo: "hexpm", optional: false]}, {:ranch, "~> 1.7.1", [hex: :ranch, repo: "hexpm", optional: false]}], "hexpm", "04fd8c6a39edc6aaa9c26123009200fc61f92a3a94f3178c527b70b767c6e605"},
  "cowlib": {:hex, :grpc_cowlib, "2.8.1", "ddaf77f3b89bd8e6c76df67b28a4b069688eef91c0c497a246cf9bfcdf87f7d3", [:rebar3], [], "hexpm", "0366f82719d24af4ce45a6591f52a7fc859785823fde4cd84e0dc45119b5ed89"},
  "ed25519": {:hex, :ed25519, "1.3.2", "e3a2d4badf57f0799279cf09925bd761ec38df6df3696e266585626280b5c0ad", [:mix], [], "hexpm", "2290e46e0e23717adbe20632c6dd29aa71a46ca6e153ef7ba41fe1204f66f859"},
  "erlavro": {:hex, :erlavro, "2.9.3", "673fd6c131cc39de36858648efd544e7958c5aea8ba18e278fc682502aae39e2", [:make, :rebar, :rebar3], [{:jsone, "1.4.6", [hex: :jsone, repo: "hexpm", optional: false]}], "hexpm", "4b02a8ddfa4ef84a23c0d216cfb60c54b6a7f0d1040ac9c92dff3f6485a7fb9f"},
  "gnat": {:hex, :gnat, "1.2.1", "14c91d9d2c06a543bc9695636a38a1d09c62536332dcd9d7762cf6cbc4a61cf5", [:mix], [{:jason, "~> 1.1", [hex: :jason, repo: "hexpm", optional: false]}, {:nimble_parsec, "~> 0.5 or ~> 1.0", [hex: :nimble_parsec, repo: "hexpm", optional: false]}, {:nkeys, "~> 0.2", [hex: :nkeys, repo: "hexpm", optional: false]}, {:telemetry, "~> 0.4", [hex: :telemetry, repo: "hexpm", optional: false]}], "hexpm", "c9a5144fecbc8b299b4b314d3501240625deeaf2f625ad3b917e7659660600be"},
  "grpc": {:git, "https://github.com/elixir-grpc/grpc.git", "eff8a8828d27ddd7f63a3c1dd5aae86246df215e", []},
  "gun": {:hex, :grpc_gun, "2.0.0", "f99678a2ab975e74372a756c86ec30a8384d3ac8a8b86c7ed6243ef4e61d2729", [:rebar3], [{:cowlib, "~> 2.8.0", [hex: :cowlib, repo: "hexpm", optional: false]}], "hexpm", "03dbbca1a9c604a0267a40ea1d69986225091acb822de0b2dbea21d5815e410b"},
  "jason": {:hex, :jason, "1.2.2", "ba43e3f2709fd1aa1dce90aaabfd039d000469c05c56f0b8e31978e03fa39052", [:mix], [{:decimal, "~> 1.0 or ~> 2.0", [hex: :decimal, repo: "hexpm", optional: true]}], "hexpm", "18a228f5f0058ee183f29f9eae0805c6e59d61c3b006760668d8d18ff0d12179"},
  "jsone": {:hex, :jsone, "1.4.6", "644d6d57befb22c8e19b324dee19d73b1c004565009861a8f64c68b7b9e64dbf", [:rebar3], [], "hexpm", "78eee8bb38f0bee2e73673d71bc75fc6fb01f56f0d23e769a26eee3655487a38"},
  "msgpax": {:hex, :msgpax, "2.3.0", "14f52ad249a3f77b5e2d59f6143e6c18a6e74f34666989e22bac0a465f9835cc", [:mix], [{:plug, "~> 1.0", [hex: :plug, repo: "hexpm", optional: true]}], "hexpm", "65c36846a62ed5615baf7d7d47babb6541313a6c0b6d2ff19354bd518f52df7e"},
  "nimble_parsec": {:hex, :nimble_parsec, "1.1.0", "3a6fca1550363552e54c216debb6a9e95bd8d32348938e13de5eda962c0d7f89", [:mix], [], "hexpm", "08eb32d66b706e913ff748f11694b17981c0b04a33ef470e33e11b3d3ac8f54b"},
  "nkeys": {:hex, :nkeys, "0.2.1", "c183105135de9d0c07d649f6a13e39792b095772cdbeaacf37dea4e35b647100", [:mix], [{:ed25519, "~> 1.3", [hex: :ed25519, repo: "hexpm", optional: false]}], "hexpm", "946551188bd103559e5129835f782f32ea26027d0ee7063eb6910ffd707fc1aa"},
  "protobuf": {:hex, :protobuf, "0.7.1", "7d1b9f7d9ecb32eccd96b0c58572de4d1c09e9e3bc414e4cb15c2dce7013f195", [:mix], [], "hexpm", "6eff7a5287963719521c82e5d5b4583fd1d7cdd89ad129f0ea7d503a50a4d13f"},
  "ranch": {:hex, :ranch, "1.7.1", "6b1fab51b49196860b733a49c07604465a47bdb78aa10c1c16a3d199f7f8c881", [:rebar3], [], "hexpm", "451d8527787df716d99dc36162fca05934915db0b6141bbdac2ea8d3c7afc7d7"},
  "rustler": {:hex, :rustler, "0.21.1", "5299980be32da997c54382e945bacaa015ed97a60745e1e639beaf6a7b278c65", [:mix], [{:toml, "~> 0.5.2", [hex: :toml, repo: "hexpm", optional: false]}], "hexpm", "6ee1651e10645b2b2f3bb70502bf180341aa058709177e9bc28c105934094bc6"},
  "telemetry": {:hex, :telemetry, "0.4.3", "a06428a514bdbc63293cd9a6263aad00ddeb66f608163bdec7c8995784080818", [:rebar3], [], "hexpm", "eb72b8365ffda5bed68a620d1da88525e326cb82a75ee61354fc24b844768041"},
  "toml": {:hex, :toml, "0.5.2", "e471388a8726d1ce51a6b32f864b8228a1eb8edc907a0edf2bb50eab9321b526", [:mix], [], "hexpm", "f1e3dabef71fb510d015fad18c0e05e7c57281001141504c6b69d94e99750a07"},
  "typed_struct": {:hex, :typed_struct, "0.2.1", "e1993414c371f09ff25231393b6430bd89d780e2a499ae3b2d2b00852f593d97", [:mix], [], "hexpm", "8f5218c35ec38262f627b2c522542f1eae41f625f92649c0af701a6fab2e11b3"},
  "uuid": {:hex, :uuid, "1.1.8", "e22fc04499de0de3ed1116b770c7737779f226ceefa0badb3592e64d5cfb4eb9", [:mix], [], "hexpm", "c790593b4c3b601f5dc2378baae7efaf5b3d73c4c6456ba85759905be792f2ac"},
  "wasmex": {:hex, :wasmex, "0.3.1", "6ec603b59e89f23b0e91f7c69db1a1e337acdca9720c8319523089c38f2d58d7", [:mix], [{:rustler, "~> 0.21.1", [hex: :rustler, repo: "hexpm", optional: false]}], "hexpm", "941a4c9d0cdb37d74f76c19681fc1e382ee7568338f9c8400a9b059339ba16bd"},
}
